
Microsoft Visual Studio Solution File, Format Version 12.00
# Visual Studio Version 17
VisualStudioVersion = 17.14.37027.9 d17.14
MinimumVisualStudioVersion = 10.0.40219.1
Project("{FAE04EC0-301F-11D3-BF4B-00C04F79EFBC}") = "biostar_inventory_dashboard", "biostar_inventory_dashboard\biostar_inventory_dashboard.csproj", "{C6056F08-83A8-448F-A7A1-C1B25E9844D6}"
EndProject
Global
	GlobalSection(SolutionConfigurationPlatforms) = preSolution
		Debug|Any CPU = Debug|Any CPU
		Release|Any CPU = Release|Any CPU
	EndGlobalSection
	GlobalSection(ProjectConfigurationPlatforms) = postSolution
		{C6056F08-83A8-448F-A7A1-C1B25E9844D6}.Debug|Any CPU.ActiveCfg = Debug|Any CPU
		{C6056F08-83A8-448F-A7A1-C1B25E9844D6}.Debug|Any CPU.Build.0 = Debug|Any CPU
		{C6056F08-83A8-448F-A7A1-C1B25E9844D6}.Release|Any CPU.ActiveCfg = Release|Any CPU
		{C6056F08-83A8-448F-A7A1-C1B25E9844D6}.Release|Any CPU.Build.0 = Release|Any CPU
	EndGlobalSection
	GlobalSection(SolutionProperties) = preSolution
		HideSolutionNode = FALSE
	EndGlobalSection
	GlobalSection(ExtensibilityGlobals) = postSolution
		SolutionGuid = {2C9B0175-ACB7-48D7-94FB-A4202C037B1A}
	EndGlobalSection
EndGlobal
